// !$*UTF8*$!
{
	archiveVersion = 1;
	classes = {
	};
	objectVersion = 56;
	objects = {

/* Begin PBXBuildFile section */
		4438933C2DE28D520096354A /* AmiiboRepository.swift in Sources */ = {isa = PBXBuildFile; fileRef = 4438933B2DE28D520096354A /* AmiiboRepository.swift */; };
		4438933E2DE2B1380096354A /* RemoteAmiiboDataSource.swift in Sources */ = {isa = PBXBuildFile; fileRef = 4438933D2DE2B1380096354A /* RemoteAmiiboDataSource.swift */; };
		443893402DE2B1BA0096354A /* LocalAmiiboDataSource.swift in Sources */ = {isa = PBXBuildFile; fileRef = 4438933F2DE2B1BA0096354A /* LocalAmiiboDataSource.swift */; };
		44690D162DE170C8008F26A1 /* SomeAppswiftUIApp.swift in Sources */ = {isa = PBXBuildFile; fileRef = 44690D152DE170C8008F26A1 /* SomeAppswiftUIApp.swift */; };
		44690D182DE170C8008F26A1 /* ContentView.swift in Sources */ = {isa = PBXBuildFile; fileRef = 44690D172DE170C8008F26A1 /* ContentView.swift */; };
		44690D1A2DE170CC008F26A1 /* Assets.xcassets in Resources */ = {isa = PBXBuildFile; fileRef = 44690D192DE170CC008F26A1 /* Assets.xcassets */; };
		44690D1D2DE170CC008F26A1 /* Preview Assets.xcassets in Resources */ = {isa = PBXBuildFile; fileRef = 44690D1C2DE170CC008F26A1 /* Preview Assets.xcassets */; };
		44690D272DE170CD008F26A1 /* SomeAppswiftUITests.swift in Sources */ = {isa = PBXBuildFile; fileRef = 44690D262DE170CD008F26A1 /* SomeAppswiftUITests.swift */; };
		44690D312DE170CD008F26A1 /* SomeAppswiftUIUITests.swift in Sources */ = {isa = PBXBuildFile; fileRef = 44690D302DE170CD008F26A1 /* SomeAppswiftUIUITests.swift */; };
		44690D332DE170CD008F26A1 /* SomeAppswiftUIUITestsLaunchTests.swift in Sources */ = {isa = PBXBuildFile; fileRef = 44690D322DE170CD008F26A1 /* SomeAppswiftUIUITestsLaunchTests.swift */; };
		44690D432DE17301008F26A1 /* MyViewModel.swift in Sources */ = {isa = PBXBuildFile; fileRef = 44690D422DE17301008F26A1 /* MyViewModel.swift */; };
		44690D452DE17524008F26A1 /* AmiiboModel.swift in Sources */ = {isa = PBXBuildFile; fileRef = 44690D442DE17524008F26A1 /* AmiiboModel.swift */; };
		44690D472DE1776F008F26A1 /* CardView.swift in Sources */ = {isa = PBXBuildFile; fileRef = 44690D462DE1776F008F26A1 /* CardView.swift */; };
		44690D4F2DE18AE2008F26A1 /* SomeExtraView.swift in Sources */ = {isa = PBXBuildFile; fileRef = 44690D4E2DE18AE2008F26A1 /* SomeExtraView.swift */; };
		44B06CC82DE2512200372FFA /* ObjetoPersistencia.swift in Sources */ = {isa = PBXBuildFile; fileRef = 44B06CC72DE2512200372FFA /* ObjetoPersistencia.swift */; };
		44B06CCB2DE2598D00372FFA /* FavoritesView.swift in Sources */ = {isa = PBXBuildFile; fileRef = 44B06CCA2DE2598D00372FFA /* FavoritesView.swift */; };
/* End PBXBuildFile section */

/* Begin PBXContainerItemProxy section */
		44690D232DE170CD008F26A1 /* PBXContainerItemProxy */ = {
			isa = PBXContainerItemProxy;
			containerPortal = 44690D0A2DE170C8008F26A1 /* Project object */;
			proxyType = 1;
			remoteGlobalIDString = 44690D112DE170C8008F26A1;
			remoteInfo = SomeAppswiftUI;
		};
		44690D2D2DE170CD008F26A1 /* PBXContainerItemProxy */ = {
			isa = PBXContainerItemProxy;
			containerPortal = 44690D0A2DE170C8008F26A1 /* Project object */;
			proxyType = 1;
			remoteGlobalIDString = 44690D112DE170C8008F26A1;
			remoteInfo = SomeAppswiftUI;
		};
/* End PBXContainerItemProxy section */

/* Begin PBXFileReference section */
		4438933B2DE28D520096354A /* AmiiboRepository.swift */ = {isa = PBXFileReference; lastKnownFileType = sourcecode.swift; path = AmiiboRepository.swift; sourceTree = "<group>"; };
		4438933D2DE2B1380096354A /* RemoteAmiiboDataSource.swift */ = {isa = PBXFileReference; lastKnownFileType = sourcecode.swift; path = RemoteAmiiboDataSource.swift; sourceTree = "<group>"; };
		4438933F2DE2B1BA0096354A /* LocalAmiiboDataSource.swift */ = {isa = PBXFileReference; lastKnownFileType = sourcecode.swift; path = LocalAmiiboDataSource.swift; sourceTree = "<group>"; };
		44690D122DE170C8008F26A1 /* SomeAppswiftUI.app */ = {isa = PBXFileReference; explicitFileType = wrapper.application; includeInIndex = 0; path = SomeAppswiftUI.app; sourceTree = BUILT_PRODUCTS_DIR; };
		44690D152DE170C8008F26A1 /* SomeAppswiftUIApp.swift */ = {isa = PBXFileReference; lastKnownFileType = sourcecode.swift; path = SomeAppswiftUIApp.swift; sourceTree = "<group>"; };
		44690D172DE170C8008F26A1 /* ContentView.swift */ = {isa = PBXFileReference; lastKnownFileType = sourcecode.swift; path = ContentView.swift; sourceTree = "<group>"; };
		44690D192DE170CC008F26A1 /* Assets.xcassets */ = {isa = PBXFileReference; lastKnownFileType = folder.assetcatalog; path = Assets.xcassets; sourceTree = "<group>"; };
		44690D1C2DE170CC008F26A1 /* Preview Assets.xcassets */ = {isa = PBXFileReference; lastKnownFileType = folder.assetcatalog; path = "Preview Assets.xcassets"; sourceTree = "<group>"; };
		44690D222DE170CD008F26A1 /* SomeAppswiftUITests.xctest */ = {isa = PBXFileReference; explicitFileType = wrapper.cfbundle; includeInIndex = 0; path = SomeAppswiftUITests.xctest; sourceTree = BUILT_PRODUCTS_DIR; };
		44690D262DE170CD008F26A1 /* SomeAppswiftUITests.swift */ = {isa = PBXFileReference; lastKnownFileType = sourcecode.swift; path = SomeAppswiftUITests.swift; sourceTree = "<group>"; };
		44690D2C2DE170CD008F26A1 /* SomeAppswiftUIUITests.xctest */ = {isa = PBXFileReference; explicitFileType = wrapper.cfbundle; includeInIndex = 0; path = SomeAppswiftUIUITests.xctest; sourceTree = BUILT_PRODUCTS_DIR; };
		44690D302DE170CD008F26A1 /* SomeAppswiftUIUITests.swift */ = {isa = PBXFileReference; lastKnownFileType = sourcecode.swift; path = SomeAppswiftUIUITests.swift; sourceTree = "<group>"; };
		44690D322DE170CD008F26A1 /* SomeAppswiftUIUITestsLaunchTests.swift */ = {isa = PBXFileReference; lastKnownFileType = sourcecode.swift; path = SomeAppswiftUIUITestsLaunchTests.swift; sourceTree = "<group>"; };
		44690D422DE17301008F26A1 /* MyViewModel.swift */ = {isa = PBXFileReference; lastKnownFileType = sourcecode.swift; path = MyViewModel.swift; sourceTree = "<group>"; };
		44690D442DE17524008F26A1 /* AmiiboModel.swift */ = {isa = PBXFileReference; lastKnownFileType = sourcecode.swift; path = AmiiboModel.swift; sourceTree = "<group>"; };
		44690D462DE1776F008F26A1 /* CardView.swift */ = {isa = PBXFileReference; lastKnownFileType = sourcecode.swift; path = CardView.swift; sourceTree = "<group>"; };
		44690D4E2DE18AE2008F26A1 /* SomeExtraView.swift */ = {isa = PBXFileReference; lastKnownFileType = sourcecode.swift; path = SomeExtraView.swift; sourceTree = "<group>"; };
		44B06CC72DE2512200372FFA /* ObjetoPersistencia.swift */ = {isa = PBXFileReference; lastKnownFileType = sourcecode.swift; path = ObjetoPersistencia.swift; sourceTree = "<group>"; };
		44B06CCA2DE2598D00372FFA /* FavoritesView.swift */ = {isa = PBXFileReference; lastKnownFileType = sourcecode.swift; path = FavoritesView.swift; sourceTree = "<group>"; };
/* End PBXFileReference section */

/* Begin PBXFrameworksBuildPhase section */
		44690D0F2DE170C8008F26A1 /* Frameworks */ = {
			isa = PBXFrameworksBuildPhase;
			buildActionMask = 2147483647;
			files = (
			);
			runOnlyForDeploymentPostprocessing = 0;
		};
		44690D1F2DE170CD008F26A1 /* Frameworks */ = {
			isa = PBXFrameworksBuildPhase;
			buildActionMask = 2147483647;
			files = (
			);
			runOnlyForDeploymentPostprocessing = 0;
		};
		44690D292DE170CD008F26A1 /* Frameworks */ = {
			isa = PBXFrameworksBuildPhase;
			buildActionMask = 2147483647;
			files = (
			);
			runOnlyForDeploymentPostprocessing = 0;
		};
/* End PBXFrameworksBuildPhase section */

/* Begin PBXGroup section */
		44690D092DE170C8008F26A1 = {
			isa = PBXGroup;
			children = (
				44690D142DE170C8008F26A1 /* SomeAppswiftUI */,
				44690D252DE170CD008F26A1 /* SomeAppswiftUITests */,
				44690D2F2DE170CD008F26A1 /* SomeAppswiftUIUITests */,
				44690D132DE170C8008F26A1 /* Products */,
			);
			sourceTree = "<group>";
		};
		44690D132DE170C8008F26A1 /* Products */ = {
			isa = PBXGroup;
			children = (
				44690D122DE170C8008F26A1 /* SomeAppswiftUI.app */,
				44690D222DE170CD008F26A1 /* SomeAppswiftUITests.xctest */,
				44690D2C2DE170CD008F26A1 /* SomeAppswiftUIUITests.xctest */,
			);
			name = Products;
			sourceTree = "<group>";
		};
		44690D142DE170C8008F26A1 /* SomeAppswiftUI */ = {
			isa = PBXGroup;
			children = (
				44690D402DE172D2008F26A1 /* View */,
				44690D3F2DE172CB008F26A1 /* ViewModel */,
				44690D412DE172DA008F26A1 /* Model */,
				44690D152DE170C8008F26A1 /* SomeAppswiftUIApp.swift */,
				44690D192DE170CC008F26A1 /* Assets.xcassets */,
				44690D1B2DE170CC008F26A1 /* Preview Content */,
			);
			path = SomeAppswiftUI;
			sourceTree = "<group>";
		};
		44690D1B2DE170CC008F26A1 /* Preview Content */ = {
			isa = PBXGroup;
			children = (
				44690D1C2DE170CC008F26A1 /* Preview Assets.xcassets */,
			);
			path = "Preview Content";
			sourceTree = "<group>";
		};
		44690D252DE170CD008F26A1 /* SomeAppswiftUITests */ = {
			isa = PBXGroup;
			children = (
				44690D262DE170CD008F26A1 /* SomeAppswiftUITests.swift */,
			);
			path = SomeAppswiftUITests;
			sourceTree = "<group>";
		};
		44690D2F2DE170CD008F26A1 /* SomeAppswiftUIUITests */ = {
			isa = PBXGroup;
			children = (
				44690D302DE170CD008F26A1 /* SomeAppswiftUIUITests.swift */,
				44690D322DE170CD008F26A1 /* SomeAppswiftUIUITestsLaunchTests.swift */,
			);
			path = SomeAppswiftUIUITests;
			sourceTree = "<group>";
		};
		44690D3F2DE172CB008F26A1 /* ViewModel */ = {
			isa = PBXGroup;
			children = (
				44690D422DE17301008F26A1 /* MyViewModel.swift */,
				4438933B2DE28D520096354A /* AmiiboRepository.swift */,
				4438933D2DE2B1380096354A /* RemoteAmiiboDataSource.swift */,
				4438933F2DE2B1BA0096354A /* LocalAmiiboDataSource.swift */,
			);
			path = ViewModel;
			sourceTree = "<group>";
		};
		44690D402DE172D2008F26A1 /* View */ = {
			isa = PBXGroup;
			children = (
				44690D172DE170C8008F26A1 /* ContentView.swift */,
				44690D462DE1776F008F26A1 /* CardView.swift */,
				44690D4E2DE18AE2008F26A1 /* SomeExtraView.swift */,
				44B06CCA2DE2598D00372FFA /* FavoritesView.swift */,
			);
			path = View;
			sourceTree = "<group>";
		};
		44690D412DE172DA008F26A1 /* Model */ = {
			isa = PBXGroup;
			children = (
				44690D442DE17524008F26A1 /* AmiiboModel.swift */,
				44B06CC72DE2512200372FFA /* ObjetoPersistencia.swift */,
			);
			path = Model;
			sourceTree = "<group>";
		};
/* End PBXGroup section */

/* Begin PBXNativeTarget section */
		44690D112DE170C8008F26A1 /* SomeAppswiftUI */ = {
			isa = PBXNativeTarget;
			buildConfigurationList = 44690D362DE170CD008F26A1 /* Build configuration list for PBXNativeTarget "SomeAppswiftUI" */;
			buildPhases = (
				44690D0E2DE170C8008F26A1 /* Sources */,
				44690D0F2DE170C8008F26A1 /* Frameworks */,
				44690D102DE170C8008F26A1 /* Resources */,
			);
			buildRules = (
			);
			dependencies = (
			);
			name = SomeAppswiftUI;
			productName = SomeAppswiftUI;
			productReference = 44690D122DE170C8008F26A1 /* SomeAppswiftUI.app */;
			productType = "com.apple.product-type.application";
		};
		44690D212DE170CD008F26A1 /* SomeAppswiftUITests */ = {
			isa = PBXNativeTarget;
			buildConfigurationList = 44690D392DE170CD008F26A1 /* Build configuration list for PBXNativeTarget "SomeAppswiftUITests" */;
			buildPhases = (
				44690D1E2DE170CD008F26A1 /* Sources */,
				44690D1F2DE170CD008F26A1 /* Frameworks */,
				44690D202DE170CD008F26A1 /* Resources */,
			);
			buildRules = (
			);
			dependencies = (
				44690D242DE170CD008F26A1 /* PBXTargetDependency */,
			);
			name = SomeAppswiftUITests;
			productName = SomeAppswiftUITests;
			productReference = 44690D222DE170CD008F26A1 /* SomeAppswiftUITests.xctest */;
			productType = "com.apple.product-type.bundle.unit-test";
		};
		44690D2B2DE170CD008F26A1 /* SomeAppswiftUIUITests */ = {
			isa = PBXNativeTarget;
			buildConfigurationList = 44690D3C2DE170CD008F26A1 /* Build configuration list for PBXNativeTarget "SomeAppswiftUIUITests" */;
			buildPhases = (
				44690D282DE170CD008F26A1 /* Sources */,
				44690D292DE170CD008F26A1 /* Frameworks */,
				44690D2A2DE170CD008F26A1 /* Resources */,
			);
			buildRules = (
			);
			dependencies = (
				44690D2E2DE170CD008F26A1 /* PBXTargetDependency */,
			);
			name = SomeAppswiftUIUITests;
			productName = SomeAppswiftUIUITests;
			productReference = 44690D2C2DE170CD008F26A1 /* SomeAppswiftUIUITests.xctest */;
			productType = "com.apple.product-type.bundle.ui-testing";
		};
/* End PBXNativeTarget section */

/* Begin PBXProject section */
		44690D0A2DE170C8008F26A1 /* Project object */ = {
			isa = PBXProject;
			attributes = {
				BuildIndependentTargetsInParallel = 1;
				LastSwiftUpdateCheck = 1530;
				LastUpgradeCheck = 1530;
				TargetAttributes = {
					44690D112DE170C8008F26A1 = {
						CreatedOnToolsVersion = 15.3;
					};
					44690D212DE170CD008F26A1 = {
						CreatedOnToolsVersion = 15.3;
						TestTargetID = 44690D112DE170C8008F26A1;
					};
					44690D2B2DE170CD008F26A1 = {
						CreatedOnToolsVersion = 15.3;
						TestTargetID = 44690D112DE170C8008F26A1;
					};
				};
			};
			buildConfigurationList = 44690D0D2DE170C8008F26A1 /* Build configuration list for PBXProject "SomeAppswiftUI" */;
			compatibilityVersion = "Xcode 14.0";
			developmentRegion = en;
			hasScannedForEncodings = 0;
			knownRegions = (
				en,
				Base,
			);
			mainGroup = 44690D092DE170C8008F26A1;
			productRefGroup = 44690D132DE170C8008F26A1 /* Products */;
			projectDirPath = "";
			projectRoot = "";
			targets = (
				44690D112DE170C8008F26A1 /* SomeAppswiftUI */,
				44690D212DE170CD008F26A1 /* SomeAppswiftUITests */,
				44690D2B2DE170CD008F26A1 /* SomeAppswiftUIUITests */,
			);
		};
/* End PBXProject section */

/* Begin PBXResourcesBuildPhase section */
		44690D102DE170C8008F26A1 /* Resources */ = {
			isa = PBXResourcesBuildPhase;
			buildActionMask = 2147483647;
			files = (
				44690D1D2DE170CC008F26A1 /* Preview Assets.xcassets in Resources */,
				44690D1A2DE170CC008F26A1 /* Assets.xcassets in Resources */,
			);
			runOnlyForDeploymentPostprocessing = 0;
		};
		44690D202DE170CD008F26A1 /* Resources */ = {
			isa = PBXResourcesBuildPhase;
			buildActionMask = 2147483647;
			files = (
			);
			runOnlyForDeploymentPostprocessing = 0;
		};
		44690D2A2DE170CD008F26A1 /* Resources */ = {
			isa = PBXResourcesBuildPhase;
			buildActionMask = 2147483647;
			files = (
			);
			runOnlyForDeploymentPostprocessing = 0;
		};
/* End PBXResourcesBuildPhase section */

/* Begin PBXSourcesBuildPhase section */
		44690D0E2DE170C8008F26A1 /* Sources */ = {
			isa = PBXSourcesBuildPhase;
			buildActionMask = 2147483647;
			files = (
				443893402DE2B1BA0096354A /* LocalAmiiboDataSource.swift in Sources */,
				44690D182DE170C8008F26A1 /* ContentView.swift in Sources */,
				44690D162DE170C8008F26A1 /* SomeAppswiftUIApp.swift in Sources */,
				44690D452DE17524008F26A1 /* AmiiboModel.swift in Sources */,
				4438933E2DE2B1380096354A /* RemoteAmiiboDataSource.swift in Sources */,
				44690D432DE17301008F26A1 /* MyViewModel.swift in Sources */,
				44B06CCB2DE2598D00372FFA /* FavoritesView.swift in Sources */,
				44690D472DE1776F008F26A1 /* CardView.swift in Sources */,
				44690D4F2DE18AE2008F26A1 /* SomeExtraView.swift in Sources */,
				44B06CC82DE2512200372FFA /* ObjetoPersistencia.swift in Sources */,
				4438933C2DE28D520096354A /* AmiiboRepository.swift in Sources */,
			);
			runOnlyForDeploymentPostprocessing = 0;
		};
		44690D1E2DE170CD008F26A1 /* Sources */ = {
			isa = PBXSourcesBuildPhase;
			buildActionMask = 2147483647;
			files = (
				44690D272DE170CD008F26A1 /* SomeAppswiftUITests.swift in Sources */,
			);
			runOnlyForDeploymentPostprocessing = 0;
		};
		44690D282DE170CD008F26A1 /* Sources */ = {
			isa = PBXSourcesBuildPhase;
			buildActionMask = 2147483647;
			files = (
				44690D332DE170CD008F26A1 /* SomeAppswiftUIUITestsLaunchTests.swift in Sources */,
				44690D312DE170CD008F26A1 /* SomeAppswiftUIUITests.swift in Sources */,
			);
			runOnlyForDeploymentPostprocessing = 0;
		};
/* End PBXSourcesBuildPhase section */

/* Begin PBXTargetDependency section */
		44690D242DE170CD008F26A1 /* PBXTargetDependency */ = {
			isa = PBXTargetDependency;
			target = 44690D112DE170C8008F26A1 /* SomeAppswiftUI */;
			targetProxy = 44690D232DE170CD008F26A1 /* PBXContainerItemProxy */;
		};
		44690D2E2DE170CD008F26A1 /* PBXTargetDependency */ = {
			isa = PBXTargetDependency;
			target = 44690D112DE170C8008F26A1 /* SomeAppswiftUI */;
			targetProxy = 44690D2D2DE170CD008F26A1 /* PBXContainerItemProxy */;
		};
/* End PBXTargetDependency section */

/* Begin XCBuildConfiguration section */
		44690D342DE170CD008F26A1 /* Debug */ = {
			isa = XCBuildConfiguration;
			buildSettings = {
				ALWAYS_SEARCH_USER_PATHS = NO;
				ASSETCATALOG_COMPILER_GENERATE_SWIFT_ASSET_SYMBOL_EXTENSIONS = YES;
				CLANG_ANALYZER_NONNULL = YES;
				CLANG_ANALYZER_NUMBER_OBJECT_CONVERSION = YES_AGGRESSIVE;
				CLANG_CXX_LANGUAGE_STANDARD = "gnu++20";
				CLANG_ENABLE_MODULES = YES;
				CLANG_ENABLE_OBJC_ARC = YES;
				CLANG_ENABLE_OBJC_WEAK = YES;
				CLANG_WARN_BLOCK_CAPTURE_AUTORELEASING = YES;
				CLANG_WARN_BOOL_CONVERSION = YES;
				CLANG_WARN_COMMA = YES;
				CLANG_WARN_CONSTANT_CONVERSION = YES;
				CLANG_WARN_DEPRECATED_OBJC_IMPLEMENTATIONS = YES;
				CLANG_WARN_DIRECT_OBJC_ISA_USAGE = YES_ERROR;
				CLANG_WARN_DOCUMENTATION_COMMENTS = YES;
				CLANG_WARN_EMPTY_BODY = YES;
				CLANG_WARN_ENUM_CONVERSION = YES;
				CLANG_WARN_INFINITE_RECURSION = YES;
				CLANG_WARN_INT_CONVERSION = YES;
				CLANG_WARN_NON_LITERAL_NULL_CONVERSION = YES;
				CLANG_WARN_OBJC_IMPLICIT_RETAIN_SELF = YES;
				CLANG_WARN_OBJC_LITERAL_CONVERSION = YES;
				CLANG_WARN_OBJC_ROOT_CLASS = YES_ERROR;
				CLANG_WARN_QUOTED_INCLUDE_IN_FRAMEWORK_HEADER = YES;
				CLANG_WARN_RANGE_LOOP_ANALYSIS = YES;
				CLANG_WARN_STRICT_PROTOTYPES = YES;
				CLANG_WARN_SUSPICIOUS_MOVE = YES;
				CLANG_WARN_UNGUARDED_AVAILABILITY = YES_AGGRESSIVE;
				CLANG_WARN_UNREACHABLE_CODE = YES;
				CLANG_WARN__DUPLICATE_METHOD_MATCH = YES;
				COPY_PHASE_STRIP = NO;
				DEBUG_INFORMATION_FORMAT = dwarf;
				ENABLE_STRICT_OBJC_MSGSEND = YES;
				ENABLE_TESTABILITY = YES;
				ENABLE_USER_SCRIPT_SANDBOXING = YES;
				GCC_C_LANGUAGE_STANDARD = gnu17;
				GCC_DYNAMIC_NO_PIC = NO;
				GCC_NO_COMMON_BLOCKS = YES;
				GCC_OPTIMIZATION_LEVEL = 0;
				GCC_PREPROCESSOR_DEFINITIONS = (
					"DEBUG=1",
					"$(inherited)",
				);
				GCC_WARN_64_TO_32_BIT_CONVERSION = YES;
				GCC_WARN_ABOUT_RETURN_TYPE = YES_ERROR;
				GCC_WARN_UNDECLARED_SELECTOR = YES;
				GCC_WARN_UNINITIALIZED_AUTOS = YES_AGGRESSIVE;
				GCC_WARN_UNUSED_FUNCTION = YES;
				GCC_WARN_UNUSED_VARIABLE = YES;
				IPHONEOS_DEPLOYMENT_TARGET = 17.4;
				LOCALIZATION_PREFERS_STRING_CATALOGS = YES;
				MTL_ENABLE_DEBUG_INFO = INCLUDE_SOURCE;
				MTL_FAST_MATH = YES;
				ONLY_ACTIVE_ARCH = YES;
				SDKROOT = iphoneos;
				SWIFT_ACTIVE_COMPILATION_CONDITIONS = "DEBUG $(inherited)";
				SWIFT_OPTIMIZATION_LEVEL = "-Onone";
			};
			name = Debug;
		};
		44690D352DE170CD008F26A1 /* Release */ = {
			isa = XCBuildConfiguration;
			buildSettings = {
				ALWAYS_SEARCH_USER_PATHS = NO;
				ASSETCATALOG_COMPILER_GENERATE_SWIFT_ASSET_SYMBOL_EXTENSIONS = YES;
				CLANG_ANALYZER_NONNULL = YES;
				CLANG_ANALYZER_NUMBER_OBJECT_CONVERSION = YES_AGGRESSIVE;
				CLANG_CXX_LANGUAGE_STANDARD = "gnu++20";
				CLANG_ENABLE_MODULES = YES;
				CLANG_ENABLE_OBJC_ARC = YES;
				CLANG_ENABLE_OBJC_WEAK = YES;
				CLANG_WARN_BLOCK_CAPTURE_AUTORELEASING = YES;
				CLANG_WARN_BOOL_CONVERSION = YES;
				CLANG_WARN_COMMA = YES;
				CLANG_WARN_CONSTANT_CONVERSION = YES;
				CLANG_WARN_DEPRECATED_OBJC_IMPLEMENTATIONS = YES;
				CLANG_WARN_DIRECT_OBJC_ISA_USAGE = YES_ERROR;
				CLANG_WARN_DOCUMENTATION_COMMENTS = YES;
				CLANG_WARN_EMPTY_BODY = YES;
				CLANG_WARN_ENUM_CONVERSION = YES;
				CLANG_WARN_INFINITE_RECURSION = YES;
				CLANG_WARN_INT_CONVERSION = YES;
				CLANG_WARN_NON_LITERAL_NULL_CONVERSION = YES;
				CLANG_WARN_OBJC_IMPLICIT_RETAIN_SELF = YES;
				CLANG_WARN_OBJC_LITERAL_CONVERSION = YES;
				CLANG_WARN_OBJC_ROOT_CLASS = YES_ERROR;
				CLANG_WARN_QUOTED_INCLUDE_IN_FRAMEWORK_HEADER = YES;
				CLANG_WARN_RANGE_LOOP_ANALYSIS = YES;
				CLANG_WARN_STRICT_PROTOTYPES = YES;
				CLANG_WARN_SUSPICIOUS_MOVE = YES;
				CLANG_WARN_UNGUARDED_AVAILABILITY = YES_AGGRESSIVE;
				CLANG_WARN_UNREACHABLE_CODE = YES;
				CLANG_WARN__DUPLICATE_METHOD_MATCH = YES;
				COPY_PHASE_STRIP = NO;
				DEBUG_INFORMATION_FORMAT = "dwarf-with-dsym";
				ENABLE_NS_ASSERTIONS = NO;
				ENABLE_STRICT_OBJC_MSGSEND = YES;
				ENABLE_USER_SCRIPT_SANDBOXING = YES;
				GCC_C_LANGUAGE_STANDARD = gnu17;
				GCC_NO_COMMON_BLOCKS = YES;
				GCC_WARN_64_TO_32_BIT_CONVERSION = YES;
				GCC_WARN_ABOUT_RETURN_TYPE = YES_ERROR;
				GCC_WARN_UNDECLARED_SELECTOR = YES;
				GCC_WARN_UNINITIALIZED_AUTOS = YES_AGGRESSIVE;
				GCC_WARN_UNUSED_FUNCTION = YES;
				GCC_WARN_UNUSED_VARIABLE = YES;
				IPHONEOS_DEPLOYMENT_TARGET = 17.4;
				LOCALIZATION_PREFERS_STRING_CATALOGS = YES;
				MTL_ENABLE_DEBUG_INFO = NO;
				MTL_FAST_MATH = YES;
				SDKROOT = iphoneos;
				SWIFT_COMPILATION_MODE = wholemodule;
				VALIDATE_PRODUCT = YES;
			};
			name = Release;
		};
		44690D372DE170CD008F26A1 /* Debug */ = {
			isa = XCBuildConfiguration;
			buildSettings = {
				ASSETCATALOG_COMPILER_APPICON_NAME = AppIcon;
				ASSETCATALOG_COMPILER_GLOBAL_ACCENT_COLOR_NAME = AccentColor;
				CODE_SIGN_STYLE = Automatic;
				CURRENT_PROJECT_VERSION = 1;
				DEVELOPMENT_ASSET_PATHS = "\"SomeAppswiftUI/Preview Content\"";
				DEVELOPMENT_TEAM = MUDF5363RA;
				ENABLE_PREVIEWS = YES;
				GENERATE_INFOPLIST_FILE = YES;
				INFOPLIST_KEY_UIApplicationSceneManifest_Generation = YES;
				INFOPLIST_KEY_UIApplicationSupportsIndirectInputEvents = YES;
				INFOPLIST_KEY_UILaunchScreen_Generation = YES;
				INFOPLIST_KEY_UISupportedInterfaceOrientations_iPad = "UIInterfaceOrientationPortrait UIInterfaceOrientationPortraitUpsideDown UIInterfaceOrientationLandscapeLeft UIInterfaceOrientationLandscapeRight";
				INFOPLIST_KEY_UISupportedInterfaceOrientations_iPhone = "UIInterfaceOrientationPortrait UIInterfaceOrientationLandscapeLeft UIInterfaceOrientationLandscapeRight";
				LD_RUNPATH_SEARCH_PATHS = (
					"$(inherited)",
					"@executable_path/Frameworks",
				);
				MARKETING_VERSION = 1.0;
				PRODUCT_BUNDLE_IDENTIFIER = com.pruebas.mayo.SomeAppswiftUI;
				PRODUCT_NAME = "$(TARGET_NAME)";
				SWIFT_EMIT_LOC_STRINGS = YES;
				SWIFT_VERSION = 5.0;
				TARGETED_DEVICE_FAMILY = "1,2";
			};
			name = Debug;
		};
		44690D382DE170CD008F26A1 /* Release */ = {
			isa = XCBuildConfiguration;
			buildSettings = {
				ASSETCATALOG_COMPILER_APPICON_NAME = AppIcon;
				ASSETCATALOG_COMPILER_GLOBAL_ACCENT_COLOR_NAME = AccentColor;
				CODE_SIGN_STYLE = Automatic;
				CURRENT_PROJECT_VERSION = 1;
				DEVELOPMENT_ASSET_PATHS = "\"SomeAppswiftUI/Preview Content\"";
				DEVELOPMENT_TEAM = MUDF5363RA;
				ENABLE_PREVIEWS = YES;
				GENERATE_INFOPLIST_FILE = YES;
				INFOPLIST_KEY_UIApplicationSceneManifest_Generation = YES;
				INFOPLIST_KEY_UIApplicationSupportsIndirectInputEvents = YES;
				INFOPLIST_KEY_UILaunchScreen_Generation = YES;
				INFOPLIST_KEY_UISupportedInterfaceOrientations_iPad = "UIInterfaceOrientationPortrait UIInterfaceOrientationPortraitUpsideDown UIInterfaceOrientationLandscapeLeft UIInterfaceOrientationLandscapeRight";
				INFOPLIST_KEY_UISupportedInterfaceOrientations_iPhone = "UIInterfaceOrientationPortrait UIInterfaceOrientationLandscapeLeft UIInterfaceOrientationLandscapeRight";
				LD_RUNPATH_SEARCH_PATHS = (
					"$(inherited)",
					"@executable_path/Frameworks",
				);
				MARKETING_VERSION = 1.0;
				PRODUCT_BUNDLE_IDENTIFIER = com.pruebas.mayo.SomeAppswiftUI;
				PRODUCT_NAME = "$(TARGET_NAME)";
				SWIFT_EMIT_LOC_STRINGS = YES;
				SWIFT_VERSION = 5.0;
				TARGETED_DEVICE_FAMILY = "1,2";
			};
			name = Release;
		};
		44690D3A2DE170CD008F26A1 /* Debug */ = {
			isa = XCBuildConfiguration;
			buildSettings = {
				ALWAYS_EMBED_SWIFT_STANDARD_LIBRARIES = YES;
				BUNDLE_LOADER = "$(TEST_HOST)";
				CODE_SIGN_STYLE = Automatic;
				CURRENT_PROJECT_VERSION = 1;
				DEVELOPMENT_TEAM = MUDF5363RA;
				GENERATE_INFOPLIST_FILE = YES;
				IPHONEOS_DEPLOYMENT_TARGET = 17.4;
				MARKETING_VERSION = 1.0;
				PRODUCT_BUNDLE_IDENTIFIER = com.pruebas.mayo.SomeAppswiftUITests;
				PRODUCT_NAME = "$(TARGET_NAME)";
				SWIFT_EMIT_LOC_STRINGS = NO;
				SWIFT_VERSION = 5.0;
				TARGETED_DEVICE_FAMILY = "1,2";
				TEST_HOST = "$(BUILT_PRODUCTS_DIR)/SomeAppswiftUI.app/$(BUNDLE_EXECUTABLE_FOLDER_PATH)/SomeAppswiftUI";
			};
			name = Debug;
		};
		44690D3B2DE170CD008F26A1 /* Release */ = {
			isa = XCBuildConfiguration;
			buildSettings = {
				ALWAYS_EMBED_SWIFT_STANDARD_LIBRARIES = YES;
				BUNDLE_LOADER = "$(TEST_HOST)";
				CODE_SIGN_STYLE = Automatic;
				CURRENT_PROJECT_VERSION = 1;
				DEVELOPMENT_TEAM = MUDF5363RA;
				GENERATE_INFOPLIST_FILE = YES;
				IPHONEOS_DEPLOYMENT_TARGET = 17.4;
				MARKETING_VERSION = 1.0;
				PRODUCT_BUNDLE_IDENTIFIER = com.pruebas.mayo.SomeAppswiftUITests;
				PRODUCT_NAME = "$(TARGET_NAME)";
				SWIFT_EMIT_LOC_STRINGS = NO;
				SWIFT_VERSION = 5.0;
				TARGETED_DEVICE_FAMILY = "1,2";
				TEST_HOST = "$(BUILT_PRODUCTS_DIR)/SomeAppswiftUI.app/$(BUNDLE_EXECUTABLE_FOLDER_PATH)/SomeAppswiftUI";
			};
			name = Release;
		};
		44690D3D2DE170CD008F26A1 /* Debug */ = {
			isa = XCBuildConfiguration;
			buildSettings = {
				ALWAYS_EMBED_SWIFT_STANDARD_LIBRARIES = YES;
				CODE_SIGN_STYLE = Automatic;
				CURRENT_PROJECT_VERSION = 1;
				DEVELOPMENT_TEAM = MUDF5363RA;
				GENERATE_INFOPLIST_FILE = YES;
				MARKETING_VERSION = 1.0;
				PRODUCT_BUNDLE_IDENTIFIER = com.pruebas.mayo.SomeAppswiftUIUITests;
				PRODUCT_NAME = "$(TARGET_NAME)";
				SWIFT_EMIT_LOC_STRINGS = NO;
				SWIFT_VERSION = 5.0;
				TARGETED_DEVICE_FAMILY = "1,2";
				TEST_TARGET_NAME = SomeAppswiftUI;
			};
			name = Debug;
		};
		44690D3E2DE170CD008F26A1 /* Release */ = {
			isa = XCBuildConfiguration;
			buildSettings = {
				ALWAYS_EMBED_SWIFT_STANDARD_LIBRARIES = YES;
				CODE_SIGN_STYLE = Automatic;
				CURRENT_PROJECT_VERSION = 1;
				DEVELOPMENT_TEAM = MUDF5363RA;
				GENERATE_INFOPLIST_FILE = YES;
				MARKETING_VERSION = 1.0;
				PRODUCT_BUNDLE_IDENTIFIER = com.pruebas.mayo.SomeAppswiftUIUITests;
				PRODUCT_NAME = "$(TARGET_NAME)";
				SWIFT_EMIT_LOC_STRINGS = NO;
				SWIFT_VERSION = 5.0;
				TARGETED_DEVICE_FAMILY = "1,2";
				TEST_TARGET_NAME = SomeAppswiftUI;
			};
			name = Release;
		};
/* End XCBuildConfiguration section */

/* Begin XCConfigurationList section */
		44690D0D2DE170C8008F26A1 /* Build configuration list for PBXProject "SomeAppswiftUI" */ = {
			isa = XCConfigurationList;
			buildConfigurations = (
				44690D342DE170CD008F26A1 /* Debug */,
				44690D352DE170CD008F26A1 /* Release */,
			);
			defaultConfigurationIsVisible = 0;
			defaultConfigurationName = Release;
		};
		44690D362DE170CD008F26A1 /* Build configuration list for PBXNativeTarget "SomeAppswiftUI" */ = {
			isa = XCConfigurationList;
			buildConfigurations = (
				44690D372DE170CD008F26A1 /* Debug */,
				44690D382DE170CD008F26A1 /* Release */,
			);
			defaultConfigurationIsVisible = 0;
			defaultConfigurationName = Release;
		};
		44690D392DE170CD008F26A1 /* Build configuration list for PBXNativeTarget "SomeAppswiftUITests" */ = {
			isa = XCConfigurationList;
			buildConfigurations = (
				44690D3A2DE170CD008F26A1 /* Debug */,
				44690D3B2DE170CD008F26A1 /* Release */,
			);
			defaultConfigurationIsVisible = 0;
			defaultConfigurationName = Release;
		};
		44690D3C2DE170CD008F26A1 /* Build configuration list for PBXNativeTarget "SomeAppswiftUIUITests" */ = {
			isa = XCConfigurationList;
			buildConfigurations = (
				44690D3D2DE170CD008F26A1 /* Debug */,
				44690D3E2DE170CD008F26A1 /* Release */,
			);
			defaultConfigurationIsVisible = 0;
			defaultConfigurationName = Release;
		};
/* End XCConfigurationList section */
	};
	rootObject = 44690D0A2DE170C8008F26A1 /* Project object */;
}
